
Microsoft Visual Studio Solution File, Format Version 12.00
# Visual Studio Version 16
VisualStudioVersion = 16.0.29613.14
MinimumVisualStudioVersion = 10.0.40219.1
Project("{FAE04EC0-301F-11D3-BF4B-00C04F79EFBC}") = "EverybodyCodesApi", "EverybodyCodes\EverybodyCodesApi.csproj", "{51DB709D-FC10-4AC4-B611-D620324AA8B5}"
EndProject
Project("{FAE04EC0-301F-11D3-BF4B-00C04F79EFBC}") = "EverybodyCodesConsole", "EverybodyCodesConsole\EverybodyCodesConsole.csproj", "{8242D2AD-6206-4DD7-9AAD-35EE68A6F27A}"
EndProject
Global
	GlobalSection(SolutionConfigurationPlatforms) = preSolution
		Debug|Any CPU = Debug|Any CPU
		Release|Any CPU = Release|Any CPU
	EndGlobalSection
	GlobalSection(ProjectConfigurationPlatforms) = postSolution
		{51DB709D-FC10-4AC4-B611-D620324AA8B5}.Debug|Any CPU.ActiveCfg = Debug|Any CPU
		{51DB709D-FC10-4AC4-B611-D620324AA8B5}.Debug|Any CPU.Build.0 = Debug|Any CPU
		{51DB709D-FC10-4AC4-B611-D620324AA8B5}.Release|Any CPU.ActiveCfg = Release|Any CPU
		{51DB709D-FC10-4AC4-B611-D620324AA8B5}.Release|Any CPU.Build.0 = Release|Any CPU
		{8242D2AD-6206-4DD7-9AAD-35EE68A6F27A}.Debug|Any CPU.ActiveCfg = Debug|Any CPU
		{8242D2AD-6206-4DD7-9AAD-35EE68A6F27A}.Debug|Any CPU.Build.0 = Debug|Any CPU
		{8242D2AD-6206-4DD7-9AAD-35EE68A6F27A}.Release|Any CPU.ActiveCfg = Release|Any CPU
		{8242D2AD-6206-4DD7-9AAD-35EE68A6F27A}.Release|Any CPU.Build.0 = Release|Any CPU
	EndGlobalSection
	GlobalSection(SolutionProperties) = preSolution
		HideSolutionNode = FALSE
	EndGlobalSection
	GlobalSection(ExtensibilityGlobals) = postSolution
		SolutionGuid = {7186DA62-97DD-48EA-8A15-13CE4B5A5080}
	EndGlobalSection
EndGlobal
